
Microsoft Visual Studio Solution File, Format Version 12.00
# Visual Studio 15
VisualStudioVersion = 15.0.27004.2010
MinimumVisualStudioVersion = 10.0.40219.1
Project("{FAE04EC0-301F-11D3-BF4B-00C04F79EFBC}") = "WpfSensorDemo", "WpfSensorDemo\WpfSensorDemo.csproj", "{183EC592-D351-45DB-8B04-A59135D994E1}"
EndProject
Global
	GlobalSection(SolutionConfigurationPlatforms) = preSolution
		Debug|Any CPU = Debug|Any CPU
		Release|Any CPU = Release|Any CPU
	EndGlobalSection
	GlobalSection(ProjectConfigurationPlatforms) = postSolution
		{183EC592-D351-45DB-8B04-A59135D994E1}.Debug|Any CPU.ActiveCfg = Debug|Any CPU
		{183EC592-D351-45DB-8B04-A59135D994E1}.Debug|Any CPU.Build.0 = Debug|Any CPU
		{183EC592-D351-45DB-8B04-A59135D994E1}.Release|Any CPU.ActiveCfg = Release|Any CPU
		{183EC592-D351-45DB-8B04-A59135D994E1}.Release|Any CPU.Build.0 = Release|Any CPU
	EndGlobalSection
	GlobalSection(SolutionProperties) = preSolution
		HideSolutionNode = FALSE
	EndGlobalSection
	GlobalSection(ExtensibilityGlobals) = postSolution
		SolutionGuid = {224B31F5-276C-4797-A8ED-1AF136661D26}
	EndGlobalSection
EndGlobal
